{
  "name": "purchase-order-extractor",
  "version": "0.0.0",
  "lockfileVersion": 3,
  "requires": true,
  "packages": {
    "": {
      "name": "purchase-order-extractor",
      "version": "0.0.0",
      "type": "module",
      "dependencies": {
        "@google/genai": "^1.28.0",
        "react": "^19.2.0",
        "react-dom": "^19.2.0"
      },
      "devDependencies": {
        "@types/react": "^18.2.0",
        "@types/react-dom": "^18.2.0",
        "@vitejs/plugin-react": "^4.2.0",
        "typescript": "^5.2.2",
        "vite": "^5.0.0"
      }
    },
    "node_modules/@google/genai": {
      "version": "1.28.0",
      "resolved": "https://registry.npmjs.org/@google/genai/-/genai-1.28.0.tgz",
      "integrity": "sha512-CgL0A4eO2Yg+uED3fkaDZoPxb1L/0/0Z6SC/vmu1laV2EXyYnfgBSpqLqr3uL2xQo2yE5f6KxICMCHW/C/L2SQ==",
      "engines": {
        "node": ">=18.0.0"
      }
    },
    "node_modules/@types/prop-types": {
      "version": "15.7.12",
      "resolved": "https://registry.npmjs.org/@types/prop-types/-/prop-types-15.7.12.tgz",
      "integrity": "sha512-5zvhXYtRNRfXckO0HjGeoZAsBKvL riccoUSUGYTIqakoOTiitGvvoCRyusn3XeAFK1I93tQ8s03i4kk0otq4Yw==",
      "dev": true
    },
    "node_modules/@types/react": {
      "version": "18.3.3",
      "resolved": "https://registry.npmjs.org/@types/react/-/react-18.3.3.tgz",
      "integrity": "sha512-hti/R0pS0q1/xx+TsI73S6Sqvbewcan1wPAyLf1dMdkAqUI/bmsTQDAH+DMV3bD/cLS0p2Jp3myYbYg3w9g0/g==",
      "dev": true,
      "dependencies": {
        "@types/prop-types": "*",
        "csstype": "^3.0.2"
      }
    },
    "node_modules/@types/react-dom": {
      "version": "18.3.0",
      "resolved": "https://registry.npmjs.org/@types/react-dom/-/react-dom-18.3.0.tgz",
      "integrity": "sha512-EhwApuTmMBm4IFqw1Jufh6p+Q++B1hpeBv4C4FFyl260PApYfGg3Un25U6D6v2t103s7oaa51QALz3+7/b8Ipw==",
      "dev": true,
      "dependencies": {
        "@types/react": "*"
      }
    },
    "node_modules/@vitejs/plugin-react": {
      "version": "4.3.1",
      "resolved": "https://registry.npmjs.org/@vitejs/plugin-react/-/plugin-react-4.3.1.tgz",
      "integrity": "sha512-s/2v7Y1w+s6N2a8Y/7kY2lpcT8xyqNLIW/gS5t2yJ443m32y1DqbC8k3DAl7jQdNLdGj6S242b6oEa1J9/S/8w==",
      "dev": true,
      "dependencies": {
        "vite": "^5.0.0"
      },
      "peerDependencies": {
        "react": "^16.8.0 || ^17.0.0 || ^18.0.0 || ^19.0.0-0",
        "react-dom": "^16.8.0 || ^17.0.0 || ^18.0.0 || ^19.0.0-0"
      },
      "peerDependenciesMeta": {
        "react-dom": {
          "optional": true
        }
      }
    },
    "node_modules/csstype": {
      "version": "3.1.3",
      "resolved": "https://registry.npmjs.org/csstype/-/csstype-3.1.3.tgz",
      "integrity": "sha512-M1uQkMl8r3qZYArUEgAaeG9JfkYbLA30Oo6hLb2p/eTbsogN43YC6YLviz7l1Aoo9HJ6K4tM2T7a0FK2rS7Aow==",
      "dev": true
    },
    "node_modules/esbuild": {
      "version": "0.20.2",
      "resolved": "https://registry.npmjs.org/esbuild/-/esbuild-0.20.2.tgz",
      "integrity": "sha512-3B7eBUfLgGa/uylQf2p4pcp5EwEj5QGfMwxHk3xEsbAW8Kk041D9sbgimUwg4Q+M2B9CKMmL5hBfVj6bJbGNsA==",
      "dev": true,
      "hasInstallScript": true,
      "bin": {
        "esbuild": "bin/esbuild"
      },
      "engines": {
        "node": ">=12"
      },
      "optionalDependencies": {
        "@esbuild/android-arm": "0.20.2",
        "@esbuild/android-arm64": "0.20.2",
        "@esbuild/android-x64": "0.20.2",
        "@esbuild/darwin-arm64": "0.20.2",
        "@esbuild/darwin-x64": "0.20.2",
        "@esbuild/freebsd-arm64": "0.20.2",
        "@esbuild/freebsd-x64": "0.20.2",
        "@esbuild/linux-arm": "0.20.2",
        "@esbuild/linux-arm64": "0.20.2",
        "@esbuild/linux-ia32": "0.20.2",
        "@esbuild/linux-loong64": "0.20.2",
        "@esbuild/linux-mips64el": "0.20.2",
        "@esbuild/linux-ppc64": "0.20.2",
        "@esbuild/linux-riscv64": "0.20.2",
        "@esbuild/linux-s390x": "0.20.2",
        "@esbuild/linux-x64": "0.20.2",
        "@esbuild/netbsd-x64": "0.20.2",
        "@esbuild/openbsd-x64": "0.20.2",
        "@esbuild/sunos-x64": "0.20.2",
        "@esbuild/win32-arm64": "0.20.2",
        "@esbuild/win32-ia32": "0.20.2",
        "@esbuild/win32-x64": "0.20.2"
      }
    },
    "node_modules/fsevents": {
      "version": "2.3.3",
      "resolved": "https://registry.npmjs.org/fsevents/-/fsevents-2.3.3.tgz",
      "integrity": "sha512-5xoDfX+fL7faATnagmWPpbFtwh/R77WmMMqqHGS65C3vvB0YHGDTVMbpMkpgdGd1argLBZHR3dI3XIoqrqYoMA==",
      "dev": true,
      "hasInstallScript": true,
      "optional": true,
      "os": [
        "darwin"
      ],
      "engines": {
        "node": "^8.16.0 || ^10.6.0 || >=11.0.0"
      }
    },
    "node_modules/js-tokens": {
      "version": "4.0.0",
      "resolved": "https://registry.npmjs.org/js-tokens/-/js-tokens-4.0.0.tgz",
      "integrity": "sha512-RdJUflcE3cUzKiMqQgsCu06FPu9UdIJO0beYbPhHN4k6apgJtifcoCtT9bcxOpYBtpD2kCM6Sbzg4CausW/PKQ=="
    },
    "node_modules/loose-envify": {
      "version": "1.4.0",
      "resolved": "https://registry.npmjs.org/loose-envify/-/loose-envify-1.4.0.tgz",
      "integrity": "sha512-lyuxPGr/Wfhrlem2CL/UcnUc1zcqKAImBDzukY7Y5F/yQiNdko6+fRLevlw1HgMySw7f611UIY408EtxRSoK3Q==",
      "bin": {
        "loose-envify": "cli.js"
      }
    },
    "node_modules/nanoid": {
      "version": "3.3.7",
      "resolved": "https://registry.npmjs.org/nanoid/-/nanoid-3.3.7.tgz",
      "integrity": "sha512-eSRppjcPIat8EXwGEJRYXBCDSSNTDLGZt+24JJogfTz2/aOeImvtVIJ5mMwc9gO+2R7N0POBHxjkDPR5pLw3wg==",
      "dev": true,
      "bin": {
        "nanoid": "bin/nanoid.js"
      },
      "engines": {
        "node": "^10 || ^12 || ^13.7 || ^14 || >=15.0.1"
      }
    },
    "node_modules/picocolors": {
      "version": "1.0.1",
      "resolved": "https://registry.npmjs.org/picocolors/-/picocolors-1.0.1.tgz",
      "integrity": "sha512-pjyP+a6dpIaCE9Ncz2f2gq1TYCYIow3tO2k2ZgXYqgBzba5zdD4pUI/exMVKp0I1tp2fHwG2242Vw2lrSMi4PQ==",
      "dev": true
    },
    "node_modules/postcss": {
      "version": "8.4.38",
      "resolved": "https://registry.npmjs.org/postcss/-/postcss-8.4.38.tgz",
      "integrity": "sha512-IevnHN0O9g0q3U+D+tJm3ugqp+6S/u0/sDUp9I34/c2o9An2K2y2B5YfADSwk2k/I44Kmd1jAHSh5Pp6gC1tPA==",
      "dev": true,
      "dependencies": {
        "nanoid": "^3.3.7",
        "picocolors": "^1.0.0",
        "source-map-js": "^1.2.0"
      },
      "engines": {
        "node": "^10 || ^12 || >=14"
      },
      "funding": {
        "type": "opencollective",
        "url": "https://opencollective.com/postcss/"
      }
    },
    "node_modules/react": {
      "version": "19.2.0",
      "resolved": "https://registry.npmjs.org/react/-/react-19.2.0.tgz",
      "integrity": "sha512-D0qKxTKEb/b8US4FVy7s8NLDQy/2J6BfDkTQn3qYVGr/OFs5+Pyn2kCl5JcSg6gGttC3t8V2Z4w5F3/jQ2L1yA==",
      "dependencies": {
        "js-tokens": "^4.0.0",
        "loose-envify": "^1.4.0"
      },
      "engines": {
        "node": ">=0.10.0"
      }
    },
    "node_modules/react-dom": {
      "version": "19.2.0",
      "resolved": "https://registry.npmjs.org/react-dom/-/react-dom-19.2.0.tgz",
      "integrity": "sha512-Y3kP/vUpqX2h5TzG65O8a31b4r1MvA6UPfHg/h2l0dYVswQ1YODifbbuE3yL1moW3f+uA2wUWpCr8Nw+i04D3A==",
      "dependencies": {
        "loose-envify": "^1.4.0",
        "scheduler": "^0.24.0"
      },
      "peerDependencies": {
        "react": "^19.2.0"
      }
    },
    "node_modules/rollup": {
      "version": "4.18.0",
      "resolved": "https://registry.npmjs.org/rollup/-/rollup-4.18.0.tgz",
      "integrity": "sha512-cj222y3+d3O2hN0h27EDqj2N+1nIA36rT44OJi4o/1Mh2nAERh2pY/4M2I6gp5jM1b2jTqL4q5y1bU6g+Bkh+g==",
      "dev": true,
      "bin": {
        "rollup": "dist/bin/rollup"
      },
      "engines": {
        "node": ">=18.0.0",
        "npm": ">=8.0.0"
      },
      "optionalDependencies": {
        "fsevents": "~2.3.2"
      }
    },
    "node_modules/scheduler": {
      "version": "0.24.0",
      "resolved": "https://registry.npmjs.org/scheduler/-/scheduler-0.24.0.tgz",
      "integrity": "sha512-i27Mfw28V/agK96VzP2lThWmVdGnhh/w2Yu+uG+fOqbuu/2L/4+IZTSSxDDCi9I/YtH+2U+1rF7n2n/l90S97A==",
      "dependencies": {
        "loose-envify": "^1.4.0"
      }
    },
    "node_modules/source-map-js": {
      "version": "1.2.0",
      "resolved": "https://registry.npmjs.org/source-map-js/-/source-map-js-1.2.0.tgz",
      "integrity": "sha512-itJW8lvSA0imC42+2YQwq9Qx2o2z3a/ULZ5N33x0SYY5Jo1hGkQo3K24kP/v/Yv5v2b4WCd275a2x4B6P2bSw==",
      "dev": true,
      "engines": {
        "node": ">=0.10.0"
      }
    },
    "node_modules/typescript": {
      "version": "5.5.2",
      "resolved": "https://registry.npmjs.org/typescript/-/typescript-5.5.2.tgz",
      "integrity": "sha512-NcRtPEOsPFFWjobJEtfihkLCZCdoq0hF5x+e2gRNsZ2gZTMigI1gDURm9c8lB29G/go/naY6fX+1E0ElwscUcg==",
      "dev": true,
      "bin": {
        "tsc": "bin/tsc",
        "tsserver": "bin/tsserver"
      },
      "engines": {
        "node": ">=14.17"
      }
    },
    "node_modules/vite": {
      "version": "5.3.1",
      "resolved": "https://registry.npmjs.org/vite/-/vite-5.3.1.tgz",
      "integrity": "sha512-Y3g/5/GgXV5K1kXG5j1xTzT8e2DU2i40sXqr+9tm7f8gW+Jm+Lp9p0p3TAYH3hL03/c2qg4GzI6dE+XbYw4C5Q==",
      "dev": true,
      "dependencies": {
        "esbuild": "^0.20.2",
        "postcss": "^8.4.38",
        "rollup": "^4.17.2"
      },
      "bin": {
        "vite": "bin/vite.js"
      },
      "engines": {
        "node": "^18.0.0 || >=20.0.0"
      },
      "funding": {
        "url": "https://github.com/sponsors/yyx990803"
      },
      "optionalDependencies": {
        "fsevents": "~2.3.2"
      }
    }
  }
}
